
Microsoft Visual Studio Solution File, Format Version 12.00
# Visual Studio 2017
Project("{FAE04EC0-301F-11D3-BF4B-00C04F79EFBC}") = "hackathonVR_Nov23_2017", "hackathonVR_Nov23_2017.csproj", "{C9DAED5D-7D7A-D374-0A17-43E4D9C64A73}"
EndProject
Project("{FAE04EC0-301F-11D3-BF4B-00C04F79EFBC}") = "hackathonVR_Nov23_2017.Editor", "hackathonVR_Nov23_2017.Editor.csproj", "{5F0A5139-54A2-690D-92BA-93E8A6B9A46E}"
EndProject
Global
	GlobalSection(SolutionConfigurationPlatforms) = preSolution
		Debug|Any CPU = Debug|Any CPU
		Release|Any CPU = Release|Any CPU
	EndGlobalSection
	GlobalSection(ProjectConfigurationPlatforms) = postSolution
		{C9DAED5D-7D7A-D374-0A17-43E4D9C64A73}.Debug|Any CPU.ActiveCfg = Debug|Any CPU
		{C9DAED5D-7D7A-D374-0A17-43E4D9C64A73}.Debug|Any CPU.Build.0 = Debug|Any CPU
		{C9DAED5D-7D7A-D374-0A17-43E4D9C64A73}.Release|Any CPU.ActiveCfg = Release|Any CPU
		{C9DAED5D-7D7A-D374-0A17-43E4D9C64A73}.Release|Any CPU.Build.0 = Release|Any CPU
		{5F0A5139-54A2-690D-92BA-93E8A6B9A46E}.Debug|Any CPU.ActiveCfg = Debug|Any CPU
		{5F0A5139-54A2-690D-92BA-93E8A6B9A46E}.Debug|Any CPU.Build.0 = Debug|Any CPU
		{5F0A5139-54A2-690D-92BA-93E8A6B9A46E}.Release|Any CPU.ActiveCfg = Release|Any CPU
		{5F0A5139-54A2-690D-92BA-93E8A6B9A46E}.Release|Any CPU.Build.0 = Release|Any CPU
	EndGlobalSection
	GlobalSection(SolutionProperties) = preSolution
		HideSolutionNode = FALSE
	EndGlobalSection
EndGlobal
